
Microsoft Visual Studio Solution File, Format Version 12.00
# Visual Studio Version 17
VisualStudioVersion = 17.10.35122.118
MinimumVisualStudioVersion = 10.0.40219.1
Project("{FAE04EC0-301F-11D3-BF4B-00C04F79EFBC}") = "JCDurigam", "JCDurigam\JCDurigam.csproj", "{B30A1461-E1DE-4B44-BFC6-A06D2AFF7B67}"
EndProject
Global
	GlobalSection(SolutionConfigurationPlatforms) = preSolution
		Debug|Any CPU = Debug|Any CPU
		Release|Any CPU = Release|Any CPU
	EndGlobalSection
	GlobalSection(ProjectConfigurationPlatforms) = postSolution
		{B30A1461-E1DE-4B44-BFC6-A06D2AFF7B67}.Debug|Any CPU.ActiveCfg = Debug|Any CPU
		{B30A1461-E1DE-4B44-BFC6-A06D2AFF7B67}.Debug|Any CPU.Build.0 = Debug|Any CPU
		{B30A1461-E1DE-4B44-BFC6-A06D2AFF7B67}.Release|Any CPU.ActiveCfg = Release|Any CPU
		{B30A1461-E1DE-4B44-BFC6-A06D2AFF7B67}.Release|Any CPU.Build.0 = Release|Any CPU
	EndGlobalSection
	GlobalSection(SolutionProperties) = preSolution
		HideSolutionNode = FALSE
	EndGlobalSection
	GlobalSection(ExtensibilityGlobals) = postSolution
		SolutionGuid = {36488FE1-C78C-460D-BF3D-358A153DAA7C}
	EndGlobalSection
EndGlobal
